
Microsoft Visual Studio Solution File, Format Version 12.00
# Visual Studio Version 17
VisualStudioVersion = 17.0.31903.59
MinimumVisualStudioVersion = 10.0.40219.1
Project("{9A19103F-16F7-4668-BE54-9A1E7A4F7556}") = "NKalkan", "NKalkan\NKalkan.csproj", "{20544A39-F065-47A4-821A-730015B262E4}"
EndProject
Project("{2150E333-8FDC-42A3-9474-1A3956D46DE8}") = "Solution Items", "Solution Items", "{C8AAC513-74D3-4C94-9540-AA1BC4289AD3}"
	ProjectSection(SolutionItems) = preProject
		README.md = README.md
	EndProjectSection
EndProject
Project("{9A19103F-16F7-4668-BE54-9A1E7A4F7556}") = "NKalkan.TestBed", "NKalkan.TestBed\NKalkan.TestBed.csproj", "{308E5D14-AD0B-4DBC-9EF1-BE387A9BAB9C}"
EndProject
Global
	GlobalSection(SolutionConfigurationPlatforms) = preSolution
		Debug|Any CPU = Debug|Any CPU
		Release|Any CPU = Release|Any CPU
	EndGlobalSection
	GlobalSection(ProjectConfigurationPlatforms) = postSolution
		{20544A39-F065-47A4-821A-730015B262E4}.Debug|Any CPU.ActiveCfg = Debug|Any CPU
		{20544A39-F065-47A4-821A-730015B262E4}.Debug|Any CPU.Build.0 = Debug|Any CPU
		{20544A39-F065-47A4-821A-730015B262E4}.Release|Any CPU.ActiveCfg = Release|Any CPU
		{20544A39-F065-47A4-821A-730015B262E4}.Release|Any CPU.Build.0 = Release|Any CPU
		{308E5D14-AD0B-4DBC-9EF1-BE387A9BAB9C}.Debug|Any CPU.ActiveCfg = Debug|Any CPU
		{308E5D14-AD0B-4DBC-9EF1-BE387A9BAB9C}.Debug|Any CPU.Build.0 = Debug|Any CPU
		{308E5D14-AD0B-4DBC-9EF1-BE387A9BAB9C}.Release|Any CPU.ActiveCfg = Release|Any CPU
		{308E5D14-AD0B-4DBC-9EF1-BE387A9BAB9C}.Release|Any CPU.Build.0 = Release|Any CPU
	EndGlobalSection
	GlobalSection(SolutionProperties) = preSolution
		HideSolutionNode = FALSE
	EndGlobalSection
	GlobalSection(ExtensibilityGlobals) = postSolution
		SolutionGuid = {EE3CDD73-24ED-4C08-8CDB-E0745B0762CF}
	EndGlobalSection
EndGlobal
